
Microsoft Visual Studio Solution File, Format Version 12.00
# Visual Studio Version 16
VisualStudioVersion = 16.0.30503.244
MinimumVisualStudioVersion = 10.0.40219.1
Project("{FAE04EC0-301F-11D3-BF4B-00C04F79EFBC}") = "E-commerce", "E-commerce\E-commerce.csproj", "{3ACC451D-A7DE-44F2-A9F2-D85E0C647B8D}"
EndProject
Global
	GlobalSection(SolutionConfigurationPlatforms) = preSolution
		Debug|Any CPU = Debug|Any CPU
		Release|Any CPU = Release|Any CPU
	EndGlobalSection
	GlobalSection(ProjectConfigurationPlatforms) = postSolution
		{3ACC451D-A7DE-44F2-A9F2-D85E0C647B8D}.Debug|Any CPU.ActiveCfg = Debug|Any CPU
		{3ACC451D-A7DE-44F2-A9F2-D85E0C647B8D}.Debug|Any CPU.Build.0 = Debug|Any CPU
		{3ACC451D-A7DE-44F2-A9F2-D85E0C647B8D}.Release|Any CPU.ActiveCfg = Release|Any CPU
		{3ACC451D-A7DE-44F2-A9F2-D85E0C647B8D}.Release|Any CPU.Build.0 = Release|Any CPU
	EndGlobalSection
	GlobalSection(SolutionProperties) = preSolution
		HideSolutionNode = FALSE
	EndGlobalSection
	GlobalSection(ExtensibilityGlobals) = postSolution
		SolutionGuid = {B8E8540B-DE02-41E3-A369-7386E3F29005}
	EndGlobalSection
EndGlobal
